{
    "_readme": [
        "This file locks the dependencies of your project to a known state",
        "Read more about it at https://getcomposer.org/doc/01-basic-usage.md#installing-dependencies",
        "This file is @generated automatically"
    ],
    "content-hash": "d8e70873e8975b84277583cc33b21b82",
    "packages": [
        {
            "name": "melbahja/seo",
            "version": "v2.1.1",
            "source": {
                "type": "git",
                "url": "https://github.com/melbahja/seo.git",
                "reference": "22b0b3273bf9c8867cadf018e4daa3e426525929"
            },
            "dist": {
                "type": "zip",
                "url": "https://api.github.com/repos/melbahja/seo/zipball/22b0b3273bf9c8867cadf018e4daa3e426525929",
                "reference": "22b0b3273bf9c8867cadf018e4daa3e426525929",
                "shasum": ""
            },
            "require": {
                "ext-curl": "*",
                "ext-json": "*",
                "ext-xml": "*",
                "php": ">=7.2"
            },
            "require-dev": {
                "phpunit/phpunit": "^8.5"
            },
            "type": "library",
            "autoload": {
                "psr-4": {
                    "Melbahja\\Seo\\": "src/"
                }
            },
            "notification-url": "https://packagist.org/downloads/",
            "license": [
                "MIT"
            ],
            "authors": [
                {
                    "name": "Mohamed ELbahja",
                    "email": "mohamed@elbahja.me",
                    "homepage": "https://elbahja.me",
                    "role": "Developer"
                }
            ],
            "description": "Simple PHP library to help developers 🍻 do better on-page SEO optimization",
            "keywords": [
                "PHP7",
                "meta tags",
                "open graph",
                "schema.org",
                "search engine optimization",
                "seo",
                "sitemap index",
                "sitemap.xml",
                "sitemaps",
                "twitter tags"
            ],
            "support": {
                "issues": "https://github.com/melbahja/seo/issues",
                "source": "https://github.com/melbahja/seo/tree/v2.1.1"
            },
            "time": "2022-09-11T11:16:07+00:00"
        },
        {
            "name": "theiconic/name-parser",
            "version": "v1.2.11",
            "source": {
                "type": "git",
                "url": "https://github.com/theiconic/name-parser.git",
                "reference": "9a54a713bf5b2e7fd990828147d42de16bf8a253"
            },
            "dist": {
                "type": "zip",
                "url": "https://api.github.com/repos/theiconic/name-parser/zipball/9a54a713bf5b2e7fd990828147d42de16bf8a253",
                "reference": "9a54a713bf5b2e7fd990828147d42de16bf8a253",
                "shasum": ""
            },
            "require": {
                "php": ">=7.1"
            },
            "require-dev": {
                "php-coveralls/php-coveralls": "^2.1",
                "php-mock/php-mock-phpunit": "^2.1",
                "phpunit/phpunit": "^7.0"
            },
            "type": "library",
            "autoload": {
                "psr-4": {
                    "TheIconic\\NameParser\\": [
                        "src/",
                        "tests/"
                    ]
                }
            },
            "notification-url": "https://packagist.org/downloads/",
            "license": [
                "MIT"
            ],
            "authors": [
                {
                    "name": "The Iconic",
                    "email": "engineering@theiconic.com.au"
                }
            ],
            "description": "PHP library for parsing a string containing a full name into its parts",
            "support": {
                "issues": "https://github.com/theiconic/name-parser/issues",
                "source": "https://github.com/theiconic/name-parser/tree/v1.2.11"
            },
            "time": "2019-11-14T14:08:48+00:00"
        }
    ],
    "packages-dev": [],
    "aliases": [],
    "minimum-stability": "stable",
    "stability-flags": [],
    "prefer-stable": false,
    "prefer-lowest": false,
    "platform": [],
    "platform-dev": [],
    "platform-overrides": {
        "php": "8.0.0"
    },
    "plugin-api-version": "2.3.0"
}
